
Microsoft Visual Studio Solution File, Format Version 12.00
# Visual Studio Version 16
VisualStudioVersion = 16.0.31005.135
MinimumVisualStudioVersion = 10.0.40219.1
Project("{FAE04EC0-301F-11D3-BF4B-00C04F79EFBC}") = "AspNetVueElementUI", "AspNetVueElementUI\AspNetVueElementUI.csproj", "{F0FEC065-675F-4071-A0A0-F4AB9EBB2B0A}"
EndProject
Global
	GlobalSection(SolutionConfigurationPlatforms) = preSolution
		Debug|Any CPU = Debug|Any CPU
		Release|Any CPU = Release|Any CPU
	EndGlobalSection
	GlobalSection(ProjectConfigurationPlatforms) = postSolution
		{F0FEC065-675F-4071-A0A0-F4AB9EBB2B0A}.Debug|Any CPU.ActiveCfg = Debug|Any CPU
		{F0FEC065-675F-4071-A0A0-F4AB9EBB2B0A}.Debug|Any CPU.Build.0 = Debug|Any CPU
		{F0FEC065-675F-4071-A0A0-F4AB9EBB2B0A}.Release|Any CPU.ActiveCfg = Release|Any CPU
		{F0FEC065-675F-4071-A0A0-F4AB9EBB2B0A}.Release|Any CPU.Build.0 = Release|Any CPU
	EndGlobalSection
	GlobalSection(SolutionProperties) = preSolution
		HideSolutionNode = FALSE
	EndGlobalSection
	GlobalSection(ExtensibilityGlobals) = postSolution
		SolutionGuid = {7B40C054-10B4-42FD-9000-FE525EEABC65}
	EndGlobalSection
EndGlobal
